
Microsoft Visual Studio Solution File, Format Version 12.00
# Visual Studio Version 17
VisualStudioVersion = 17.14.36414.22
MinimumVisualStudioVersion = 10.0.40219.1
Project("{8BC9CEB8-8B4A-11D0-8D11-00A0C91BC942}") = "App", "App\App.vcxproj", "{4A6D5573-565C-447A-988B-E8D87840C2B6}"
	ProjectSection(ProjectDependencies) = postProject
		{82AA670F-3819-4212-A2B0-68BD7928C48D} = {82AA670F-3819-4212-A2B0-68BD7928C48D}
		{E0B52AE7-E160-4D32-BF3F-910B785E5A8E} = {E0B52AE7-E160-4D32-BF3F-910B785E5A8E}
	EndProjectSection
EndProject
Project("{8BC9CEB8-8B4A-11D0-8D11-00A0C91BC942}") = "DirectXTK_Desktop_2022", "DirectXTK-main\DirectXTK_Desktop_2022.vcxproj", "{E0B52AE7-E160-4D32-BF3F-910B785E5A8E}"
EndProject
Project("{8BC9CEB8-8B4A-11D0-8D11-00A0C91BC942}") = "xwbtool_Desktop_2022", "DirectXTK-main\XWBTool\xwbtool_Desktop_2022.vcxproj", "{C7AB4186-54B2-4244-A533-77494763EA1D}"
EndProject
Project("{FAE04EC0-301F-11D3-BF4B-00C04F79EFBC}") = "MakeSpriteFont", "DirectXTK-main\MakeSpriteFont\MakeSpriteFont.csproj", "{7329B02D-C504-482A-A156-181D48CE493C}"
EndProject
Project("{2150E333-8FDC-42A3-9474-1A3956D46DE8}") = "Assets", "Assets", "{02EA681E-C7D8-13C7-8484-4AC65E1B71E8}"
EndProject
Project("{8BC9CEB8-8B4A-11D0-8D11-00A0C91BC942}") = "Textures", "Textures\Textures.vcxproj", "{84883D12-829D-4ED8-90DE-EBAEF74133B2}"
EndProject
Project("{8BC9CEB8-8B4A-11D0-8D11-00A0C91BC942}") = "Models", "Models\Models.vcxproj", "{8C9284E6-04BA-4052-A3BB-E77ACF6DB714}"
EndProject
Project("{8BC9CEB8-8B4A-11D0-8D11-00A0C91BC942}") = "Shaders", "Shaders\Shaders.vcxproj", "{650D8844-8E9E-4B2E-A553-6D5A16129F59}"
EndProject
Project("{8BC9CEB8-8B4A-11D0-8D11-00A0C91BC942}") = "Game", "Game\Game.vcxproj", "{82AA670F-3819-4212-A2B0-68BD7928C48D}"
EndProject
Global
	GlobalSection(SolutionConfigurationPlatforms) = preSolution
		Debug|Any CPU = Debug|Any CPU
		Debug|x64 = Debug|x64
		Debug|x86 = Debug|x86
		Release|Any CPU = Release|Any CPU
		Release|x64 = Release|x64
		Release|x86 = Release|x86
	EndGlobalSection
	GlobalSection(ProjectConfigurationPlatforms) = postSolution
		{4A6D5573-565C-447A-988B-E8D87840C2B6}.Debug|Any CPU.ActiveCfg = Debug|x64
		{4A6D5573-565C-447A-988B-E8D87840C2B6}.Debug|Any CPU.Build.0 = Debug|x64
		{4A6D5573-565C-447A-988B-E8D87840C2B6}.Debug|x64.ActiveCfg = Debug|x64
		{4A6D5573-565C-447A-988B-E8D87840C2B6}.Debug|x64.Build.0 = Debug|x64
		{4A6D5573-565C-447A-988B-E8D87840C2B6}.Debug|x86.ActiveCfg = Debug|Win32
		{4A6D5573-565C-447A-988B-E8D87840C2B6}.Debug|x86.Build.0 = Debug|Win32
		{4A6D5573-565C-447A-988B-E8D87840C2B6}.Release|Any CPU.ActiveCfg = Release|x64
		{4A6D5573-565C-447A-988B-E8D87840C2B6}.Release|Any CPU.Build.0 = Release|x64
		{4A6D5573-565C-447A-988B-E8D87840C2B6}.Release|x64.ActiveCfg = Release|x64
		{4A6D5573-565C-447A-988B-E8D87840C2B6}.Release|x64.Build.0 = Release|x64
		{4A6D5573-565C-447A-988B-E8D87840C2B6}.Release|x86.ActiveCfg = Release|Win32
		{4A6D5573-565C-447A-988B-E8D87840C2B6}.Release|x86.Build.0 = Release|Win32
		{E0B52AE7-E160-4D32-BF3F-910B785E5A8E}.Debug|Any CPU.ActiveCfg = Debug|x64
		{E0B52AE7-E160-4D32-BF3F-910B785E5A8E}.Debug|Any CPU.Build.0 = Debug|x64
		{E0B52AE7-E160-4D32-BF3F-910B785E5A8E}.Debug|x64.ActiveCfg = Debug|x64
		{E0B52AE7-E160-4D32-BF3F-910B785E5A8E}.Debug|x64.Build.0 = Debug|x64
		{E0B52AE7-E160-4D32-BF3F-910B785E5A8E}.Debug|x86.ActiveCfg = Debug|Win32
		{E0B52AE7-E160-4D32-BF3F-910B785E5A8E}.Debug|x86.Build.0 = Debug|Win32
		{E0B52AE7-E160-4D32-BF3F-910B785E5A8E}.Release|Any CPU.ActiveCfg = Release|x64
		{E0B52AE7-E160-4D32-BF3F-910B785E5A8E}.Release|Any CPU.Build.0 = Release|x64
		{E0B52AE7-E160-4D32-BF3F-910B785E5A8E}.Release|x64.ActiveCfg = Release|x64
		{E0B52AE7-E160-4D32-BF3F-910B785E5A8E}.Release|x64.Build.0 = Release|x64
		{E0B52AE7-E160-4D32-BF3F-910B785E5A8E}.Release|x86.ActiveCfg = Release|Win32
		{E0B52AE7-E160-4D32-BF3F-910B785E5A8E}.Release|x86.Build.0 = Release|Win32
		{C7AB4186-54B2-4244-A533-77494763EA1D}.Debug|Any CPU.ActiveCfg = Debug|x64
		{C7AB4186-54B2-4244-A533-77494763EA1D}.Debug|Any CPU.Build.0 = Debug|x64
		{C7AB4186-54B2-4244-A533-77494763EA1D}.Debug|x64.ActiveCfg = Debug|x64
		{C7AB4186-54B2-4244-A533-77494763EA1D}.Debug|x86.ActiveCfg = Debug|Win32
		{C7AB4186-54B2-4244-A533-77494763EA1D}.Debug|x86.Build.0 = Debug|Win32
		{C7AB4186-54B2-4244-A533-77494763EA1D}.Release|Any CPU.ActiveCfg = Release|x64
		{C7AB4186-54B2-4244-A533-77494763EA1D}.Release|Any CPU.Build.0 = Release|x64
		{C7AB4186-54B2-4244-A533-77494763EA1D}.Release|x64.ActiveCfg = Release|x64
		{C7AB4186-54B2-4244-A533-77494763EA1D}.Release|x86.ActiveCfg = Release|Win32
		{C7AB4186-54B2-4244-A533-77494763EA1D}.Release|x86.Build.0 = Release|Win32
		{7329B02D-C504-482A-A156-181D48CE493C}.Debug|Any CPU.ActiveCfg = Debug|Any CPU
		{7329B02D-C504-482A-A156-181D48CE493C}.Debug|Any CPU.Build.0 = Debug|Any CPU
		{7329B02D-C504-482A-A156-181D48CE493C}.Debug|x64.ActiveCfg = Debug|Any CPU
		{7329B02D-C504-482A-A156-181D48CE493C}.Debug|x86.ActiveCfg = Debug|Any CPU
		{7329B02D-C504-482A-A156-181D48CE493C}.Debug|x86.Build.0 = Debug|Any CPU
		{7329B02D-C504-482A-A156-181D48CE493C}.Release|Any CPU.ActiveCfg = Release|Any CPU
		{7329B02D-C504-482A-A156-181D48CE493C}.Release|Any CPU.Build.0 = Release|Any CPU
		{7329B02D-C504-482A-A156-181D48CE493C}.Release|x64.ActiveCfg = Release|Any CPU
		{7329B02D-C504-482A-A156-181D48CE493C}.Release|x86.ActiveCfg = Release|Any CPU
		{7329B02D-C504-482A-A156-181D48CE493C}.Release|x86.Build.0 = Release|Any CPU
		{84883D12-829D-4ED8-90DE-EBAEF74133B2}.Debug|Any CPU.ActiveCfg = Debug|x64
		{84883D12-829D-4ED8-90DE-EBAEF74133B2}.Debug|Any CPU.Build.0 = Debug|x64
		{84883D12-829D-4ED8-90DE-EBAEF74133B2}.Debug|x64.ActiveCfg = Debug|x64
		{84883D12-829D-4ED8-90DE-EBAEF74133B2}.Debug|x86.ActiveCfg = Debug|Win32
		{84883D12-829D-4ED8-90DE-EBAEF74133B2}.Debug|x86.Build.0 = Debug|Win32
		{84883D12-829D-4ED8-90DE-EBAEF74133B2}.Release|Any CPU.ActiveCfg = Release|x64
		{84883D12-829D-4ED8-90DE-EBAEF74133B2}.Release|Any CPU.Build.0 = Release|x64
		{84883D12-829D-4ED8-90DE-EBAEF74133B2}.Release|x64.ActiveCfg = Release|x64
		{84883D12-829D-4ED8-90DE-EBAEF74133B2}.Release|x86.ActiveCfg = Release|Win32
		{84883D12-829D-4ED8-90DE-EBAEF74133B2}.Release|x86.Build.0 = Release|Win32
		{8C9284E6-04BA-4052-A3BB-E77ACF6DB714}.Debug|Any CPU.ActiveCfg = Debug|x64
		{8C9284E6-04BA-4052-A3BB-E77ACF6DB714}.Debug|Any CPU.Build.0 = Debug|x64
		{8C9284E6-04BA-4052-A3BB-E77ACF6DB714}.Debug|x64.ActiveCfg = Debug|x64
		{8C9284E6-04BA-4052-A3BB-E77ACF6DB714}.Debug|x86.ActiveCfg = Debug|Win32
		{8C9284E6-04BA-4052-A3BB-E77ACF6DB714}.Debug|x86.Build.0 = Debug|Win32
		{8C9284E6-04BA-4052-A3BB-E77ACF6DB714}.Release|Any CPU.ActiveCfg = Release|x64
		{8C9284E6-04BA-4052-A3BB-E77ACF6DB714}.Release|Any CPU.Build.0 = Release|x64
		{8C9284E6-04BA-4052-A3BB-E77ACF6DB714}.Release|x64.ActiveCfg = Release|x64
		{8C9284E6-04BA-4052-A3BB-E77ACF6DB714}.Release|x86.ActiveCfg = Release|Win32
		{8C9284E6-04BA-4052-A3BB-E77ACF6DB714}.Release|x86.Build.0 = Release|Win32
		{650D8844-8E9E-4B2E-A553-6D5A16129F59}.Debug|Any CPU.ActiveCfg = Debug|x64
		{650D8844-8E9E-4B2E-A553-6D5A16129F59}.Debug|Any CPU.Build.0 = Debug|x64
		{650D8844-8E9E-4B2E-A553-6D5A16129F59}.Debug|x64.ActiveCfg = Debug|x64
		{650D8844-8E9E-4B2E-A553-6D5A16129F59}.Debug|x64.Build.0 = Debug|x64
		{650D8844-8E9E-4B2E-A553-6D5A16129F59}.Debug|x86.ActiveCfg = Debug|Win32
		{650D8844-8E9E-4B2E-A553-6D5A16129F59}.Debug|x86.Build.0 = Debug|Win32
		{650D8844-8E9E-4B2E-A553-6D5A16129F59}.Release|Any CPU.ActiveCfg = Release|x64
		{650D8844-8E9E-4B2E-A553-6D5A16129F59}.Release|Any CPU.Build.0 = Release|x64
		{650D8844-8E9E-4B2E-A553-6D5A16129F59}.Release|x64.ActiveCfg = Release|x64
		{650D8844-8E9E-4B2E-A553-6D5A16129F59}.Release|x64.Build.0 = Release|x64
		{650D8844-8E9E-4B2E-A553-6D5A16129F59}.Release|x86.ActiveCfg = Release|Win32
		{650D8844-8E9E-4B2E-A553-6D5A16129F59}.Release|x86.Build.0 = Release|Win32
		{82AA670F-3819-4212-A2B0-68BD7928C48D}.Debug|Any CPU.ActiveCfg = Debug|x64
		{82AA670F-3819-4212-A2B0-68BD7928C48D}.Debug|Any CPU.Build.0 = Debug|x64
		{82AA670F-3819-4212-A2B0-68BD7928C48D}.Debug|x64.ActiveCfg = Debug|x64
		{82AA670F-3819-4212-A2B0-68BD7928C48D}.Debug|x64.Build.0 = Debug|x64
		{82AA670F-3819-4212-A2B0-68BD7928C48D}.Debug|x86.ActiveCfg = Debug|Win32
		{82AA670F-3819-4212-A2B0-68BD7928C48D}.Debug|x86.Build.0 = Debug|Win32
		{82AA670F-3819-4212-A2B0-68BD7928C48D}.Release|Any CPU.ActiveCfg = Release|x64
		{82AA670F-3819-4212-A2B0-68BD7928C48D}.Release|Any CPU.Build.0 = Release|x64
		{82AA670F-3819-4212-A2B0-68BD7928C48D}.Release|x64.ActiveCfg = Release|x64
		{82AA670F-3819-4212-A2B0-68BD7928C48D}.Release|x64.Build.0 = Release|x64
		{82AA670F-3819-4212-A2B0-68BD7928C48D}.Release|x86.ActiveCfg = Release|Win32
		{82AA670F-3819-4212-A2B0-68BD7928C48D}.Release|x86.Build.0 = Release|Win32
	EndGlobalSection
	GlobalSection(SolutionProperties) = preSolution
		HideSolutionNode = FALSE
	EndGlobalSection
	GlobalSection(NestedProjects) = preSolution
		{84883D12-829D-4ED8-90DE-EBAEF74133B2} = {02EA681E-C7D8-13C7-8484-4AC65E1B71E8}
		{8C9284E6-04BA-4052-A3BB-E77ACF6DB714} = {02EA681E-C7D8-13C7-8484-4AC65E1B71E8}
		{650D8844-8E9E-4B2E-A553-6D5A16129F59} = {02EA681E-C7D8-13C7-8484-4AC65E1B71E8}
	EndGlobalSection
	GlobalSection(ExtensibilityGlobals) = postSolution
		SolutionGuid = {F33619E8-758E-4FB6-B225-FDF0FD6E7DC3}
	EndGlobalSection
EndGlobal
